
Microsoft Visual Studio Solution File, Format Version 12.00
# Visual Studio 2012
Project("{FAE04EC0-301F-11D3-BF4B-00C04F79EFBC}") = "FileEncrypt", "FileEncrypt\FileEncrypt.csproj", "{55125A2D-4C91-4214-B95B-05153A475116}"
EndProject
Project("{2150E333-8FDC-42A3-9474-1A3956D46DE8}") = "Solution Items", "Solution Items", "{21AD8671-061B-4551-9512-46FDCF8BC069}"
	ProjectSection(SolutionItems) = preProject
		.gitignore = .gitignore
		README.md = README.md
	EndProjectSection
EndProject
Project("{FAE04EC0-301F-11D3-BF4B-00C04F79EFBC}") = "FileEncrypt.Test", "FileEncrypt.Test\FileEncrypt.Test.csproj", "{A5025706-EBBF-4C8B-AB60-CB0BE8955EC3}"
EndProject
Global
	GlobalSection(SolutionConfigurationPlatforms) = preSolution
		Debug|Any CPU = Debug|Any CPU
		Debug|Mixed Platforms = Debug|Mixed Platforms
		Debug|x86 = Debug|x86
		Release|Any CPU = Release|Any CPU
		Release|Mixed Platforms = Release|Mixed Platforms
		Release|x86 = Release|x86
	EndGlobalSection
	GlobalSection(ProjectConfigurationPlatforms) = postSolution
		{55125A2D-4C91-4214-B95B-05153A475116}.Debug|Any CPU.ActiveCfg = Debug|x86
		{55125A2D-4C91-4214-B95B-05153A475116}.Debug|Mixed Platforms.ActiveCfg = Debug|x86
		{55125A2D-4C91-4214-B95B-05153A475116}.Debug|Mixed Platforms.Build.0 = Debug|x86
		{55125A2D-4C91-4214-B95B-05153A475116}.Debug|x86.ActiveCfg = Debug|x86
		{55125A2D-4C91-4214-B95B-05153A475116}.Debug|x86.Build.0 = Debug|x86
		{55125A2D-4C91-4214-B95B-05153A475116}.Release|Any CPU.ActiveCfg = Release|x86
		{55125A2D-4C91-4214-B95B-05153A475116}.Release|Mixed Platforms.ActiveCfg = Release|x86
		{55125A2D-4C91-4214-B95B-05153A475116}.Release|Mixed Platforms.Build.0 = Release|x86
		{55125A2D-4C91-4214-B95B-05153A475116}.Release|x86.ActiveCfg = Release|x86
		{55125A2D-4C91-4214-B95B-05153A475116}.Release|x86.Build.0 = Release|x86
		{A5025706-EBBF-4C8B-AB60-CB0BE8955EC3}.Debug|Any CPU.ActiveCfg = Debug|Any CPU
		{A5025706-EBBF-4C8B-AB60-CB0BE8955EC3}.Debug|Any CPU.Build.0 = Debug|Any CPU
		{A5025706-EBBF-4C8B-AB60-CB0BE8955EC3}.Debug|Mixed Platforms.ActiveCfg = Debug|Any CPU
		{A5025706-EBBF-4C8B-AB60-CB0BE8955EC3}.Debug|Mixed Platforms.Build.0 = Debug|Any CPU
		{A5025706-EBBF-4C8B-AB60-CB0BE8955EC3}.Debug|x86.ActiveCfg = Debug|Any CPU
		{A5025706-EBBF-4C8B-AB60-CB0BE8955EC3}.Release|Any CPU.ActiveCfg = Release|Any CPU
		{A5025706-EBBF-4C8B-AB60-CB0BE8955EC3}.Release|Any CPU.Build.0 = Release|Any CPU
		{A5025706-EBBF-4C8B-AB60-CB0BE8955EC3}.Release|Mixed Platforms.ActiveCfg = Release|Any CPU
		{A5025706-EBBF-4C8B-AB60-CB0BE8955EC3}.Release|Mixed Platforms.Build.0 = Release|Any CPU
		{A5025706-EBBF-4C8B-AB60-CB0BE8955EC3}.Release|x86.ActiveCfg = Release|Any CPU
	EndGlobalSection
	GlobalSection(SolutionProperties) = preSolution
		HideSolutionNode = FALSE
	EndGlobalSection
EndGlobal
